
Microsoft Visual Studio Solution File, Format Version 12.00
# Visual Studio Version 16
VisualStudioVersion = 16.0.35229.62
MinimumVisualStudioVersion = 10.0.40219.1
Project("{8BC9CEB8-8B4A-11D0-8D11-00A0C91BC942}") = "ErrorDetection", "ErrorDetection\ErrorDetection.vcxproj", "{F5314049-A199-4D15-9661-DF34373366C6}"
EndProject
Global
	GlobalSection(SolutionConfigurationPlatforms) = preSolution
		Debug|x64 = Debug|x64
		Debug|x86 = Debug|x86
		Release|x64 = Release|x64
		Release|x86 = Release|x86
	EndGlobalSection
	GlobalSection(ProjectConfigurationPlatforms) = postSolution
		{F5314049-A199-4D15-9661-DF34373366C6}.Debug|x64.ActiveCfg = Debug|x64
		{F5314049-A199-4D15-9661-DF34373366C6}.Debug|x64.Build.0 = Debug|x64
		{F5314049-A199-4D15-9661-DF34373366C6}.Debug|x86.ActiveCfg = Debug|Win32
		{F5314049-A199-4D15-9661-DF34373366C6}.Debug|x86.Build.0 = Debug|Win32
		{F5314049-A199-4D15-9661-DF34373366C6}.Release|x64.ActiveCfg = Release|x64
		{F5314049-A199-4D15-9661-DF34373366C6}.Release|x64.Build.0 = Release|x64
		{F5314049-A199-4D15-9661-DF34373366C6}.Release|x86.ActiveCfg = Release|Win32
		{F5314049-A199-4D15-9661-DF34373366C6}.Release|x86.Build.0 = Release|Win32
	EndGlobalSection
	GlobalSection(SolutionProperties) = preSolution
		HideSolutionNode = FALSE
	EndGlobalSection
	GlobalSection(ExtensibilityGlobals) = postSolution
		SolutionGuid = {DC85C547-A9BA-4948-8CCE-2BC9F2B1AA46}
	EndGlobalSection
EndGlobal
